// !$*UTF8*$!
{
	archiveVersion = 1;
	classes = {
	};
	objectVersion = 48;
	objects = {

/* Begin PBXBuildFile section */
		9221170621D0B99E00D4D86D /* AppDelegate.swift in Sources */ = {isa = PBXBuildFile; fileRef = 9221170521D0B99E00D4D86D /* AppDelegate.swift */; };
		9221170B21D0B99E00D4D86D /* Metal_Engine.xcdatamodeld in Sources */ = {isa = PBXBuildFile; fileRef = 9221170921D0B99E00D4D86D /* Metal_Engine.xcdatamodeld */; };
		9221170D21D0B99F00D4D86D /* Assets.xcassets in Resources */ = {isa = PBXBuildFile; fileRef = 9221170C21D0B99F00D4D86D /* Assets.xcassets */; };
		9221171021D0B99F00D4D86D /* Main.storyboard in Resources */ = {isa = PBXBuildFile; fileRef = 9221170E21D0B99F00D4D86D /* Main.storyboard */; };
		9221171C21D0B99F00D4D86D /* Metal_EngineTests.swift in Sources */ = {isa = PBXBuildFile; fileRef = 9221171B21D0B99F00D4D86D /* Metal_EngineTests.swift */; };
		9221172721D0B99F00D4D86D /* Metal_EngineUITests.swift in Sources */ = {isa = PBXBuildFile; fileRef = 9221172621D0B99F00D4D86D /* Metal_EngineUITests.swift */; };
		9221173621D0BD7F00D4D86D /* GameView.swift in Sources */ = {isa = PBXBuildFile; fileRef = 9221173521D0BD7F00D4D86D /* GameView.swift */; };
		9221173821D0C59300D4D86D /* MyShaders.metal in Sources */ = {isa = PBXBuildFile; fileRef = 9221173721D0C59300D4D86D /* MyShaders.metal */; };
/* End PBXBuildFile section */

/* Begin PBXContainerItemProxy section */
		9221171821D0B99F00D4D86D /* PBXContainerItemProxy */ = {
			isa = PBXContainerItemProxy;
			containerPortal = 922116FA21D0B99E00D4D86D /* Project object */;
			proxyType = 1;
			remoteGlobalIDString = 9221170121D0B99E00D4D86D;
			remoteInfo = "Metal-Engine";
		};
		9221172321D0B99F00D4D86D /* PBXContainerItemProxy */ = {
			isa = PBXContainerItemProxy;
			containerPortal = 922116FA21D0B99E00D4D86D /* Project object */;
			proxyType = 1;
			remoteGlobalIDString = 9221170121D0B99E00D4D86D;
			remoteInfo = "Metal-Engine";
		};
/* End PBXContainerItemProxy section */

/* Begin PBXFileReference section */
		9221170221D0B99E00D4D86D /* Metal-Engine.app */ = {isa = PBXFileReference; explicitFileType = wrapper.application; includeInIndex = 0; path = "Metal-Engine.app"; sourceTree = BUILT_PRODUCTS_DIR; };
		9221170521D0B99E00D4D86D /* AppDelegate.swift */ = {isa = PBXFileReference; lastKnownFileType = sourcecode.swift; path = AppDelegate.swift; sourceTree = "<group>"; };
		9221170A21D0B99E00D4D86D /* Metal_Engine.xcdatamodel */ = {isa = PBXFileReference; lastKnownFileType = wrapper.xcdatamodel; path = Metal_Engine.xcdatamodel; sourceTree = "<group>"; };
		9221170C21D0B99F00D4D86D /* Assets.xcassets */ = {isa = PBXFileReference; lastKnownFileType = folder.assetcatalog; path = Assets.xcassets; sourceTree = "<group>"; };
		9221170F21D0B99F00D4D86D /* Base */ = {isa = PBXFileReference; lastKnownFileType = file.storyboard; name = Base; path = Base.lproj/Main.storyboard; sourceTree = "<group>"; };
		9221171121D0B99F00D4D86D /* Info.plist */ = {isa = PBXFileReference; lastKnownFileType = text.plist.xml; path = Info.plist; sourceTree = "<group>"; };
		9221171221D0B99F00D4D86D /* Metal_Engine.entitlements */ = {isa = PBXFileReference; lastKnownFileType = text.plist.entitlements; path = Metal_Engine.entitlements; sourceTree = "<group>"; };
		9221171721D0B99F00D4D86D /* Metal-EngineTests.xctest */ = {isa = PBXFileReference; explicitFileType = wrapper.cfbundle; includeInIndex = 0; path = "Metal-EngineTests.xctest"; sourceTree = BUILT_PRODUCTS_DIR; };
		9221171B21D0B99F00D4D86D /* Metal_EngineTests.swift */ = {isa = PBXFileReference; lastKnownFileType = sourcecode.swift; path = Metal_EngineTests.swift; sourceTree = "<group>"; };
		9221171D21D0B99F00D4D86D /* Info.plist */ = {isa = PBXFileReference; lastKnownFileType = text.plist.xml; path = Info.plist; sourceTree = "<group>"; };
		9221172221D0B99F00D4D86D /* Metal-EngineUITests.xctest */ = {isa = PBXFileReference; explicitFileType = wrapper.cfbundle; includeInIndex = 0; path = "Metal-EngineUITests.xctest"; sourceTree = BUILT_PRODUCTS_DIR; };
		9221172621D0B99F00D4D86D /* Metal_EngineUITests.swift */ = {isa = PBXFileReference; lastKnownFileType = sourcecode.swift; path = Metal_EngineUITests.swift; sourceTree = "<group>"; };
		9221172821D0B99F00D4D86D /* Info.plist */ = {isa = PBXFileReference; lastKnownFileType = text.plist.xml; path = Info.plist; sourceTree = "<group>"; };
		9221173521D0BD7F00D4D86D /* GameView.swift */ = {isa = PBXFileReference; lastKnownFileType = sourcecode.swift; path = GameView.swift; sourceTree = "<group>"; };
		9221173721D0C59300D4D86D /* MyShaders.metal */ = {isa = PBXFileReference; lastKnownFileType = sourcecode.metal; path = MyShaders.metal; sourceTree = "<group>"; };
/* End PBXFileReference section */

/* Begin PBXFrameworksBuildPhase section */
		922116FF21D0B99E00D4D86D /* Frameworks */ = {
			isa = PBXFrameworksBuildPhase;
			buildActionMask = 2147483647;
			files = (
			);
			runOnlyForDeploymentPostprocessing = 0;
		};
		9221171421D0B99F00D4D86D /* Frameworks */ = {
			isa = PBXFrameworksBuildPhase;
			buildActionMask = 2147483647;
			files = (
			);
			runOnlyForDeploymentPostprocessing = 0;
		};
		9221171F21D0B99F00D4D86D /* Frameworks */ = {
			isa = PBXFrameworksBuildPhase;
			buildActionMask = 2147483647;
			files = (
			);
			runOnlyForDeploymentPostprocessing = 0;
		};
/* End PBXFrameworksBuildPhase section */

/* Begin PBXGroup section */
		922116F921D0B99E00D4D86D = {
			isa = PBXGroup;
			children = (
				9221170421D0B99E00D4D86D /* Metal-Engine */,
				9221171A21D0B99F00D4D86D /* Metal-EngineTests */,
				9221172521D0B99F00D4D86D /* Metal-EngineUITests */,
				9221170321D0B99E00D4D86D /* Products */,
			);
			sourceTree = "<group>";
		};
		9221170321D0B99E00D4D86D /* Products */ = {
			isa = PBXGroup;
			children = (
				9221170221D0B99E00D4D86D /* Metal-Engine.app */,
				9221171721D0B99F00D4D86D /* Metal-EngineTests.xctest */,
				9221172221D0B99F00D4D86D /* Metal-EngineUITests.xctest */,
			);
			name = Products;
			sourceTree = "<group>";
		};
		9221170421D0B99E00D4D86D /* Metal-Engine */ = {
			isa = PBXGroup;
			children = (
				9221170E21D0B99F00D4D86D /* Main.storyboard */,
				9221173521D0BD7F00D4D86D /* GameView.swift */,
				9221173721D0C59300D4D86D /* MyShaders.metal */,
				9221173421D0BBF800D4D86D /* Other Files */,
			);
			path = "Metal-Engine";
			sourceTree = "<group>";
		};
		9221171A21D0B99F00D4D86D /* Metal-EngineTests */ = {
			isa = PBXGroup;
			children = (
				9221171B21D0B99F00D4D86D /* Metal_EngineTests.swift */,
				9221171D21D0B99F00D4D86D /* Info.plist */,
			);
			path = "Metal-EngineTests";
			sourceTree = "<group>";
		};
		9221172521D0B99F00D4D86D /* Metal-EngineUITests */ = {
			isa = PBXGroup;
			children = (
				9221172621D0B99F00D4D86D /* Metal_EngineUITests.swift */,
				9221172821D0B99F00D4D86D /* Info.plist */,
			);
			path = "Metal-EngineUITests";
			sourceTree = "<group>";
		};
		9221173421D0BBF800D4D86D /* Other Files */ = {
			isa = PBXGroup;
			children = (
				9221170521D0B99E00D4D86D /* AppDelegate.swift */,
				9221170C21D0B99F00D4D86D /* Assets.xcassets */,
				9221171121D0B99F00D4D86D /* Info.plist */,
				9221171221D0B99F00D4D86D /* Metal_Engine.entitlements */,
				9221170921D0B99E00D4D86D /* Metal_Engine.xcdatamodeld */,
			);
			path = "Other Files";
			sourceTree = "<group>";
		};
/* End PBXGroup section */

/* Begin PBXNativeTarget section */
		9221170121D0B99E00D4D86D /* Metal-Engine */ = {
			isa = PBXNativeTarget;
			buildConfigurationList = 9221172B21D0B99F00D4D86D /* Build configuration list for PBXNativeTarget "Metal-Engine" */;
			buildPhases = (
				922116FE21D0B99E00D4D86D /* Sources */,
				922116FF21D0B99E00D4D86D /* Frameworks */,
				9221170021D0B99E00D4D86D /* Resources */,
			);
			buildRules = (
			);
			dependencies = (
			);
			name = "Metal-Engine";
			productName = "Metal-Engine";
			productReference = 9221170221D0B99E00D4D86D /* Metal-Engine.app */;
			productType = "com.apple.product-type.application";
		};
		9221171621D0B99F00D4D86D /* Metal-EngineTests */ = {
			isa = PBXNativeTarget;
			buildConfigurationList = 9221172E21D0B99F00D4D86D /* Build configuration list for PBXNativeTarget "Metal-EngineTests" */;
			buildPhases = (
				9221171321D0B99F00D4D86D /* Sources */,
				9221171421D0B99F00D4D86D /* Frameworks */,
				9221171521D0B99F00D4D86D /* Resources */,
			);
			buildRules = (
			);
			dependencies = (
				9221171921D0B99F00D4D86D /* PBXTargetDependency */,
			);
			name = "Metal-EngineTests";
			productName = "Metal-EngineTests";
			productReference = 9221171721D0B99F00D4D86D /* Metal-EngineTests.xctest */;
			productType = "com.apple.product-type.bundle.unit-test";
		};
		9221172121D0B99F00D4D86D /* Metal-EngineUITests */ = {
			isa = PBXNativeTarget;
			buildConfigurationList = 9221173121D0B99F00D4D86D /* Build configuration list for PBXNativeTarget "Metal-EngineUITests" */;
			buildPhases = (
				9221171E21D0B99F00D4D86D /* Sources */,
				9221171F21D0B99F00D4D86D /* Frameworks */,
				9221172021D0B99F00D4D86D /* Resources */,
			);
			buildRules = (
			);
			dependencies = (
				9221172421D0B99F00D4D86D /* PBXTargetDependency */,
			);
			name = "Metal-EngineUITests";
			productName = "Metal-EngineUITests";
			productReference = 9221172221D0B99F00D4D86D /* Metal-EngineUITests.xctest */;
			productType = "com.apple.product-type.bundle.ui-testing";
		};
/* End PBXNativeTarget section */

/* Begin PBXProject section */
		922116FA21D0B99E00D4D86D /* Project object */ = {
			isa = PBXProject;
			attributes = {
				LastSwiftUpdateCheck = 0900;
				LastUpgradeCheck = 0900;
				ORGANIZATIONNAME = "Zach Furman";
				TargetAttributes = {
					9221170121D0B99E00D4D86D = {
						CreatedOnToolsVersion = 9.0;
						ProvisioningStyle = Automatic;
					};
					9221171621D0B99F00D4D86D = {
						CreatedOnToolsVersion = 9.0;
						ProvisioningStyle = Automatic;
						TestTargetID = 9221170121D0B99E00D4D86D;
					};
					9221172121D0B99F00D4D86D = {
						CreatedOnToolsVersion = 9.0;
						ProvisioningStyle = Automatic;
						TestTargetID = 9221170121D0B99E00D4D86D;
					};
				};
			};
			buildConfigurationList = 922116FD21D0B99E00D4D86D /* Build configuration list for PBXProject "Metal-Engine" */;
			compatibilityVersion = "Xcode 8.0";
			developmentRegion = en;
			hasScannedForEncodings = 0;
			knownRegions = (
				en,
				Base,
			);
			mainGroup = 922116F921D0B99E00D4D86D;
			productRefGroup = 9221170321D0B99E00D4D86D /* Products */;
			projectDirPath = "";
			projectRoot = "";
			targets = (
				9221170121D0B99E00D4D86D /* Metal-Engine */,
				9221171621D0B99F00D4D86D /* Metal-EngineTests */,
				9221172121D0B99F00D4D86D /* Metal-EngineUITests */,
			);
		};
/* End PBXProject section */

/* Begin PBXResourcesBuildPhase section */
		9221170021D0B99E00D4D86D /* Resources */ = {
			isa = PBXResourcesBuildPhase;
			buildActionMask = 2147483647;
			files = (
				9221170D21D0B99F00D4D86D /* Assets.xcassets in Resources */,
				9221171021D0B99F00D4D86D /* Main.storyboard in Resources */,
			);
			runOnlyForDeploymentPostprocessing = 0;
		};
		9221171521D0B99F00D4D86D /* Resources */ = {
			isa = PBXResourcesBuildPhase;
			buildActionMask = 2147483647;
			files = (
			);
			runOnlyForDeploymentPostprocessing = 0;
		};
		9221172021D0B99F00D4D86D /* Resources */ = {
			isa = PBXResourcesBuildPhase;
			buildActionMask = 2147483647;
			files = (
			);
			runOnlyForDeploymentPostprocessing = 0;
		};
/* End PBXResourcesBuildPhase section */

/* Begin PBXSourcesBuildPhase section */
		922116FE21D0B99E00D4D86D /* Sources */ = {
			isa = PBXSourcesBuildPhase;
			buildActionMask = 2147483647;
			files = (
				9221173821D0C59300D4D86D /* MyShaders.metal in Sources */,
				9221170B21D0B99E00D4D86D /* Metal_Engine.xcdatamodeld in Sources */,
				9221173621D0BD7F00D4D86D /* GameView.swift in Sources */,
				9221170621D0B99E00D4D86D /* AppDelegate.swift in Sources */,
			);
			runOnlyForDeploymentPostprocessing = 0;
		};
		9221171321D0B99F00D4D86D /* Sources */ = {
			isa = PBXSourcesBuildPhase;
			buildActionMask = 2147483647;
			files = (
				9221171C21D0B99F00D4D86D /* Metal_EngineTests.swift in Sources */,
			);
			runOnlyForDeploymentPostprocessing = 0;
		};
		9221171E21D0B99F00D4D86D /* Sources */ = {
			isa = PBXSourcesBuildPhase;
			buildActionMask = 2147483647;
			files = (
				9221172721D0B99F00D4D86D /* Metal_EngineUITests.swift in Sources */,
			);
			runOnlyForDeploymentPostprocessing = 0;
		};
/* End PBXSourcesBuildPhase section */

/* Begin PBXTargetDependency section */
		9221171921D0B99F00D4D86D /* PBXTargetDependency */ = {
			isa = PBXTargetDependency;
			target = 9221170121D0B99E00D4D86D /* Metal-Engine */;
			targetProxy = 9221171821D0B99F00D4D86D /* PBXContainerItemProxy */;
		};
		9221172421D0B99F00D4D86D /* PBXTargetDependency */ = {
			isa = PBXTargetDependency;
			target = 9221170121D0B99E00D4D86D /* Metal-Engine */;
			targetProxy = 9221172321D0B99F00D4D86D /* PBXContainerItemProxy */;
		};
/* End PBXTargetDependency section */

/* Begin PBXVariantGroup section */
		9221170E21D0B99F00D4D86D /* Main.storyboard */ = {
			isa = PBXVariantGroup;
			children = (
				9221170F21D0B99F00D4D86D /* Base */,
			);
			name = Main.storyboard;
			sourceTree = "<group>";
		};
/* End PBXVariantGroup section */

/* Begin XCBuildConfiguration section */
		9221172921D0B99F00D4D86D /* Debug */ = {
			isa = XCBuildConfiguration;
			buildSettings = {
				ALWAYS_SEARCH_USER_PATHS = NO;
				CLANG_ANALYZER_NONNULL = YES;
				CLANG_ANALYZER_NUMBER_OBJECT_CONVERSION = YES_AGGRESSIVE;
				CLANG_CXX_LANGUAGE_STANDARD = "gnu++14";
				CLANG_CXX_LIBRARY = "libc++";
				CLANG_ENABLE_MODULES = YES;
				CLANG_ENABLE_OBJC_ARC = YES;
				CLANG_WARN_BLOCK_CAPTURE_AUTORELEASING = YES;
				CLANG_WARN_BOOL_CONVERSION = YES;
				CLANG_WARN_COMMA = YES;
				CLANG_WARN_CONSTANT_CONVERSION = YES;
				CLANG_WARN_DIRECT_OBJC_ISA_USAGE = YES_ERROR;
				CLANG_WARN_DOCUMENTATION_COMMENTS = YES;
				CLANG_WARN_EMPTY_BODY = YES;
				CLANG_WARN_ENUM_CONVERSION = YES;
				CLANG_WARN_INFINITE_RECURSION = YES;
				CLANG_WARN_INT_CONVERSION = YES;
				CLANG_WARN_NON_LITERAL_NULL_CONVERSION = YES;
				CLANG_WARN_OBJC_LITERAL_CONVERSION = YES;
				CLANG_WARN_OBJC_ROOT_CLASS = YES_ERROR;
				CLANG_WARN_RANGE_LOOP_ANALYSIS = YES;
				CLANG_WARN_STRICT_PROTOTYPES = YES;
				CLANG_WARN_SUSPICIOUS_MOVE = YES;
				CLANG_WARN_UNGUARDED_AVAILABILITY = YES_AGGRESSIVE;
				CLANG_WARN_UNREACHABLE_CODE = YES;
				CLANG_WARN__DUPLICATE_METHOD_MATCH = YES;
				CODE_SIGN_IDENTITY = "-";
				COPY_PHASE_STRIP = NO;
				DEBUG_INFORMATION_FORMAT = dwarf;
				ENABLE_STRICT_OBJC_MSGSEND = YES;
				ENABLE_TESTABILITY = YES;
				GCC_C_LANGUAGE_STANDARD = gnu11;
				GCC_DYNAMIC_NO_PIC = NO;
				GCC_NO_COMMON_BLOCKS = YES;
				GCC_OPTIMIZATION_LEVEL = 0;
				GCC_PREPROCESSOR_DEFINITIONS = (
					"DEBUG=1",
					"$(inherited)",
				);
				GCC_WARN_64_TO_32_BIT_CONVERSION = YES;
				GCC_WARN_ABOUT_RETURN_TYPE = YES_ERROR;
				GCC_WARN_UNDECLARED_SELECTOR = YES;
				GCC_WARN_UNINITIALIZED_AUTOS = YES_AGGRESSIVE;
				GCC_WARN_UNUSED_FUNCTION = YES;
				GCC_WARN_UNUSED_VARIABLE = YES;
				MACOSX_DEPLOYMENT_TARGET = 10.13;
				MTL_ENABLE_DEBUG_INFO = YES;
				ONLY_ACTIVE_ARCH = YES;
				SDKROOT = macosx;
				SWIFT_ACTIVE_COMPILATION_CONDITIONS = DEBUG;
				SWIFT_OPTIMIZATION_LEVEL = "-Onone";
			};
			name = Debug;
		};
		9221172A21D0B99F00D4D86D /* Release */ = {
			isa = XCBuildConfiguration;
			buildSettings = {
				ALWAYS_SEARCH_USER_PATHS = NO;
				CLANG_ANALYZER_NONNULL = YES;
				CLANG_ANALYZER_NUMBER_OBJECT_CONVERSION = YES_AGGRESSIVE;
				CLANG_CXX_LANGUAGE_STANDARD = "gnu++14";
				CLANG_CXX_LIBRARY = "libc++";
				CLANG_ENABLE_MODULES = YES;
				CLANG_ENABLE_OBJC_ARC = YES;
				CLANG_WARN_BLOCK_CAPTURE_AUTORELEASING = YES;
				CLANG_WARN_BOOL_CONVERSION = YES;
				CLANG_WARN_COMMA = YES;
				CLANG_WARN_CONSTANT_CONVERSION = YES;
				CLANG_WARN_DIRECT_OBJC_ISA_USAGE = YES_ERROR;
				CLANG_WARN_DOCUMENTATION_COMMENTS = YES;
				CLANG_WARN_EMPTY_BODY = YES;
				CLANG_WARN_ENUM_CONVERSION = YES;
				CLANG_WARN_INFINITE_RECURSION = YES;
				CLANG_WARN_INT_CONVERSION = YES;
				CLANG_WARN_NON_LITERAL_NULL_CONVERSION = YES;
				CLANG_WARN_OBJC_LITERAL_CONVERSION = YES;
				CLANG_WARN_OBJC_ROOT_CLASS = YES_ERROR;
				CLANG_WARN_RANGE_LOOP_ANALYSIS = YES;
				CLANG_WARN_STRICT_PROTOTYPES = YES;
				CLANG_WARN_SUSPICIOUS_MOVE = YES;
				CLANG_WARN_UNGUARDED_AVAILABILITY = YES_AGGRESSIVE;
				CLANG_WARN_UNREACHABLE_CODE = YES;
				CLANG_WARN__DUPLICATE_METHOD_MATCH = YES;
				CODE_SIGN_IDENTITY = "-";
				COPY_PHASE_STRIP = NO;
				DEBUG_INFORMATION_FORMAT = "dwarf-with-dsym";
				ENABLE_NS_ASSERTIONS = NO;
				ENABLE_STRICT_OBJC_MSGSEND = YES;
				GCC_C_LANGUAGE_STANDARD = gnu11;
				GCC_NO_COMMON_BLOCKS = YES;
				GCC_WARN_64_TO_32_BIT_CONVERSION = YES;
				GCC_WARN_ABOUT_RETURN_TYPE = YES_ERROR;
				GCC_WARN_UNDECLARED_SELECTOR = YES;
				GCC_WARN_UNINITIALIZED_AUTOS = YES_AGGRESSIVE;
				GCC_WARN_UNUSED_FUNCTION = YES;
				GCC_WARN_UNUSED_VARIABLE = YES;
				MACOSX_DEPLOYMENT_TARGET = 10.13;
				MTL_ENABLE_DEBUG_INFO = NO;
				SDKROOT = macosx;
				SWIFT_OPTIMIZATION_LEVEL = "-Owholemodule";
			};
			name = Release;
		};
		9221172C21D0B99F00D4D86D /* Debug */ = {
			isa = XCBuildConfiguration;
			buildSettings = {
				ASSETCATALOG_COMPILER_APPICON_NAME = AppIcon;
				CODE_SIGN_ENTITLEMENTS = "Metal-Engine/Other Files/Metal_Engine.entitlements";
				CODE_SIGN_STYLE = Automatic;
				COMBINE_HIDPI_IMAGES = YES;
				INFOPLIST_FILE = "$(SRCROOT)/Metal-Engine/Other Files/Info.plist";
				LD_RUNPATH_SEARCH_PATHS = "$(inherited) @executable_path/../Frameworks";
				PRODUCT_BUNDLE_IDENTIFIER = "zach.Metal-Engine";
				PRODUCT_NAME = "$(TARGET_NAME)";
				SWIFT_VERSION = 4.0;
			};
			name = Debug;
		};
		9221172D21D0B99F00D4D86D /* Release */ = {
			isa = XCBuildConfiguration;
			buildSettings = {
				ASSETCATALOG_COMPILER_APPICON_NAME = AppIcon;
				CODE_SIGN_ENTITLEMENTS = "Metal-Engine/Other Files/Metal_Engine.entitlements";
				CODE_SIGN_STYLE = Automatic;
				COMBINE_HIDPI_IMAGES = YES;
				INFOPLIST_FILE = "$(SRCROOT)/Metal-Engine/Other Files/Info.plist";
				LD_RUNPATH_SEARCH_PATHS = "$(inherited) @executable_path/../Frameworks";
				PRODUCT_BUNDLE_IDENTIFIER = "zach.Metal-Engine";
				PRODUCT_NAME = "$(TARGET_NAME)";
				SWIFT_VERSION = 4.0;
			};
			name = Release;
		};
		9221172F21D0B99F00D4D86D /* Debug */ = {
			isa = XCBuildConfiguration;
			buildSettings = {
				ALWAYS_EMBED_SWIFT_STANDARD_LIBRARIES = YES;
				BUNDLE_LOADER = "$(TEST_HOST)";
				CODE_SIGN_STYLE = Automatic;
				COMBINE_HIDPI_IMAGES = YES;
				INFOPLIST_FILE = "Metal-EngineTests/Info.plist";
				LD_RUNPATH_SEARCH_PATHS = "$(inherited) @executable_path/../Frameworks @loader_path/../Frameworks";
				PRODUCT_BUNDLE_IDENTIFIER = "zach.Metal-EngineTests";
				PRODUCT_NAME = "$(TARGET_NAME)";
				SWIFT_VERSION = 4.0;
				TEST_HOST = "$(BUILT_PRODUCTS_DIR)/Metal-Engine.app/Contents/MacOS/Metal-Engine";
			};
			name = Debug;
		};
		9221173021D0B99F00D4D86D /* Release */ = {
			isa = XCBuildConfiguration;
			buildSettings = {
				ALWAYS_EMBED_SWIFT_STANDARD_LIBRARIES = YES;
				BUNDLE_LOADER = "$(TEST_HOST)";
				CODE_SIGN_STYLE = Automatic;
				COMBINE_HIDPI_IMAGES = YES;
				INFOPLIST_FILE = "Metal-EngineTests/Info.plist";
				LD_RUNPATH_SEARCH_PATHS = "$(inherited) @executable_path/../Frameworks @loader_path/../Frameworks";
				PRODUCT_BUNDLE_IDENTIFIER = "zach.Metal-EngineTests";
				PRODUCT_NAME = "$(TARGET_NAME)";
				SWIFT_VERSION = 4.0;
				TEST_HOST = "$(BUILT_PRODUCTS_DIR)/Metal-Engine.app/Contents/MacOS/Metal-Engine";
			};
			name = Release;
		};
		9221173221D0B99F00D4D86D /* Debug */ = {
			isa = XCBuildConfiguration;
			buildSettings = {
				ALWAYS_EMBED_SWIFT_STANDARD_LIBRARIES = YES;
				CODE_SIGN_STYLE = Automatic;
				COMBINE_HIDPI_IMAGES = YES;
				INFOPLIST_FILE = "Metal-EngineUITests/Info.plist";
				LD_RUNPATH_SEARCH_PATHS = "$(inherited) @executable_path/../Frameworks @loader_path/../Frameworks";
				PRODUCT_BUNDLE_IDENTIFIER = "zach.Metal-EngineUITests";
				PRODUCT_NAME = "$(TARGET_NAME)";
				SWIFT_VERSION = 4.0;
				TEST_TARGET_NAME = "Metal-Engine";
			};
			name = Debug;
		};
		9221173321D0B99F00D4D86D /* Release */ = {
			isa = XCBuildConfiguration;
			buildSettings = {
				ALWAYS_EMBED_SWIFT_STANDARD_LIBRARIES = YES;
				CODE_SIGN_STYLE = Automatic;
				COMBINE_HIDPI_IMAGES = YES;
				INFOPLIST_FILE = "Metal-EngineUITests/Info.plist";
				LD_RUNPATH_SEARCH_PATHS = "$(inherited) @executable_path/../Frameworks @loader_path/../Frameworks";
				PRODUCT_BUNDLE_IDENTIFIER = "zach.Metal-EngineUITests";
				PRODUCT_NAME = "$(TARGET_NAME)";
				SWIFT_VERSION = 4.0;
				TEST_TARGET_NAME = "Metal-Engine";
			};
			name = Release;
		};
/* End XCBuildConfiguration section */

/* Begin XCConfigurationList section */
		922116FD21D0B99E00D4D86D /* Build configuration list for PBXProject "Metal-Engine" */ = {
			isa = XCConfigurationList;
			buildConfigurations = (
				9221172921D0B99F00D4D86D /* Debug */,
				9221172A21D0B99F00D4D86D /* Release */,
			);
			defaultConfigurationIsVisible = 0;
			defaultConfigurationName = Release;
		};
		9221172B21D0B99F00D4D86D /* Build configuration list for PBXNativeTarget "Metal-Engine" */ = {
			isa = XCConfigurationList;
			buildConfigurations = (
				9221172C21D0B99F00D4D86D /* Debug */,
				9221172D21D0B99F00D4D86D /* Release */,
			);
			defaultConfigurationIsVisible = 0;
			defaultConfigurationName = Release;
		};
		9221172E21D0B99F00D4D86D /* Build configuration list for PBXNativeTarget "Metal-EngineTests" */ = {
			isa = XCConfigurationList;
			buildConfigurations = (
				9221172F21D0B99F00D4D86D /* Debug */,
				9221173021D0B99F00D4D86D /* Release */,
			);
			defaultConfigurationIsVisible = 0;
			defaultConfigurationName = Release;
		};
		9221173121D0B99F00D4D86D /* Build configuration list for PBXNativeTarget "Metal-EngineUITests" */ = {
			isa = XCConfigurationList;
			buildConfigurations = (
				9221173221D0B99F00D4D86D /* Debug */,
				9221173321D0B99F00D4D86D /* Release */,
			);
			defaultConfigurationIsVisible = 0;
			defaultConfigurationName = Release;
		};
/* End XCConfigurationList section */

/* Begin XCVersionGroup section */
		9221170921D0B99E00D4D86D /* Metal_Engine.xcdatamodeld */ = {
			isa = XCVersionGroup;
			children = (
				9221170A21D0B99E00D4D86D /* Metal_Engine.xcdatamodel */,
			);
			currentVersion = 9221170A21D0B99E00D4D86D /* Metal_Engine.xcdatamodel */;
			path = Metal_Engine.xcdatamodeld;
			sourceTree = "<group>";
			versionGroupType = wrapper.xcdatamodel;
		};
/* End XCVersionGroup section */
	};
	rootObject = 922116FA21D0B99E00D4D86D /* Project object */;
}
